// !$*UTF8*$!
{
	archiveVersion = 1;
	classes = {
	};
	objectVersion = 50;
	objects = {

/* Begin PBXBuildFile section */
		691B2A3025A201DD0069BD29 /* problem2d.c in Sources */ = {isa = PBXBuildFile; fileRef = 691B2A2F25A201DD0069BD29 /* problem2d.c */; };
		6923217C25AB84BD005E3F9F /* utils.c in Sources */ = {isa = PBXBuildFile; fileRef = 6923217B25AB84BD005E3F9F /* utils.c */; };
		6923217D25AB84BD005E3F9F /* utils.c in Sources */ = {isa = PBXBuildFile; fileRef = 6923217B25AB84BD005E3F9F /* utils.c */; };
		694228722599323800493CD5 /* problem1d.c in Sources */ = {isa = PBXBuildFile; fileRef = 694228712599323800493CD5 /* problem1d.c */; };
		6942287C2599355000493CD5 /* problem1b.c in Sources */ = {isa = PBXBuildFile; fileRef = 699070E32595F85D00102EDB /* problem1b.c */; };
		69632F27259BBCC300BB4860 /* Makefile in Sources */ = {isa = PBXBuildFile; fileRef = 69632F26259BBCC300BB4860 /* Makefile */; };
		699070E42595F85D00102EDB /* problem1b.c in Sources */ = {isa = PBXBuildFile; fileRef = 699070E32595F85D00102EDB /* problem1b.c */; };
/* End PBXBuildFile section */

/* Begin PBXCopyFilesBuildPhase section */
		6942286D2599323800493CD5 /* CopyFiles */ = {
			isa = PBXCopyFilesBuildPhase;
			buildActionMask = 2147483647;
			dstPath = /usr/share/man/man1/;
			dstSubfolderSpec = 0;
			files = (
			);
			runOnlyForDeploymentPostprocessing = 1;
		};
		699070DE2595F85D00102EDB /* CopyFiles */ = {
			isa = PBXCopyFilesBuildPhase;
			buildActionMask = 2147483647;
			dstPath = /usr/share/man/man1/;
			dstSubfolderSpec = 0;
			files = (
			);
			runOnlyForDeploymentPostprocessing = 1;
		};
/* End PBXCopyFilesBuildPhase section */

/* Begin PBXFileReference section */
		691B2A2F25A201DD0069BD29 /* problem2d.c */ = {isa = PBXFileReference; fileEncoding = 4; lastKnownFileType = sourcecode.c.c; path = problem2d.c; sourceTree = "<group>"; };
		6923217A25AB84BD005E3F9F /* utils.h */ = {isa = PBXFileReference; lastKnownFileType = sourcecode.c.h; path = utils.h; sourceTree = "<group>"; };
		6923217B25AB84BD005E3F9F /* utils.c */ = {isa = PBXFileReference; lastKnownFileType = sourcecode.c.c; path = utils.c; sourceTree = "<group>"; };
		6942286F2599323800493CD5 /* Problem-1d */ = {isa = PBXFileReference; explicitFileType = "compiled.mach-o.executable"; includeInIndex = 0; path = "Problem-1d"; sourceTree = BUILT_PRODUCTS_DIR; };
		694228712599323800493CD5 /* problem1d.c */ = {isa = PBXFileReference; lastKnownFileType = sourcecode.c.c; path = problem1d.c; sourceTree = "<group>"; };
		6960E2FF25A524CA00150D6B /* improved_euler_method_z_input1.txt */ = {isa = PBXFileReference; fileEncoding = 4; lastKnownFileType = text; path = improved_euler_method_z_input1.txt; sourceTree = "<group>"; };
		6960E30025A524CA00150D6B /* euler_method_y_2d.txt */ = {isa = PBXFileReference; fileEncoding = 4; lastKnownFileType = text; path = euler_method_y_2d.txt; sourceTree = "<group>"; };
		6960E30125A524CA00150D6B /* differential.txt */ = {isa = PBXFileReference; fileEncoding = 4; lastKnownFileType = text; path = differential.txt; sourceTree = "<group>"; };
		6960E30225A524CA00150D6B /* errors_BE.txt */ = {isa = PBXFileReference; fileEncoding = 4; lastKnownFileType = text; path = errors_BE.txt; sourceTree = "<group>"; };
		6960E30325A524CA00150D6B /* euler_method_z_input2.txt */ = {isa = PBXFileReference; fileEncoding = 4; lastKnownFileType = text; path = euler_method_z_input2.txt; sourceTree = "<group>"; };
		6960E30525A524CA00150D6B /* euler_method_z_input1.txt */ = {isa = PBXFileReference; fileEncoding = 4; lastKnownFileType = text; path = euler_method_z_input1.txt; sourceTree = "<group>"; };
		6960E30625A524CA00150D6B /* euler_method_z.txt */ = {isa = PBXFileReference; fileEncoding = 4; lastKnownFileType = text; path = euler_method_z.txt; sourceTree = "<group>"; };
		6960E30725A524CA00150D6B /* euler_method_Psi_input2.txt */ = {isa = PBXFileReference; fileEncoding = 4; lastKnownFileType = text; path = euler_method_Psi_input2.txt; sourceTree = "<group>"; };
		6960E30825A524CA00150D6B /* euler_method_Psi.txt */ = {isa = PBXFileReference; fileEncoding = 4; lastKnownFileType = text; path = euler_method_Psi.txt; sourceTree = "<group>"; };
		6960E30925A524CA00150D6B /* improved_euler_method_z_input2.txt */ = {isa = PBXFileReference; fileEncoding = 4; lastKnownFileType = text; path = improved_euler_method_z_input2.txt; sourceTree = "<group>"; };
		6960E30A25A524CA00150D6B /* improved_euler_method_z.txt */ = {isa = PBXFileReference; fileEncoding = 4; lastKnownFileType = text; path = improved_euler_method_z.txt; sourceTree = "<group>"; };
		6960E30C25A524CA00150D6B /* errors_E.txt */ = {isa = PBXFileReference; fileEncoding = 4; lastKnownFileType = text; path = errors_E.txt; sourceTree = "<group>"; };
		6960E30D25A524CA00150D6B /* improved_euler_method_z_2d.txt */ = {isa = PBXFileReference; fileEncoding = 4; lastKnownFileType = text; path = improved_euler_method_z_2d.txt; sourceTree = "<group>"; };
		6960E30E25A524CA00150D6B /* euler_method_z_2d.txt */ = {isa = PBXFileReference; fileEncoding = 4; lastKnownFileType = text; path = euler_method_z_2d.txt; sourceTree = "<group>"; };
		6960E30F25A524CA00150D6B /* euler_method_Psi_input1.txt */ = {isa = PBXFileReference; fileEncoding = 4; lastKnownFileType = text; path = euler_method_Psi_input1.txt; sourceTree = "<group>"; };
		6960E31025A524CA00150D6B /* improved_euler_method_Psi_input2.txt */ = {isa = PBXFileReference; fileEncoding = 4; lastKnownFileType = text; path = improved_euler_method_Psi_input2.txt; sourceTree = "<group>"; };
		6960E31125A524CA00150D6B /* improved_euler_method_Psi_input1.txt */ = {isa = PBXFileReference; fileEncoding = 4; lastKnownFileType = text; path = improved_euler_method_Psi_input1.txt; sourceTree = "<group>"; };
		6960E31225A524CA00150D6B /* improved_euler_method_Psi.txt */ = {isa = PBXFileReference; fileEncoding = 4; lastKnownFileType = text; path = improved_euler_method_Psi.txt; sourceTree = "<group>"; };
		6960E31325A524CA00150D6B /* improved_euler_method_y_2d.txt */ = {isa = PBXFileReference; fileEncoding = 4; lastKnownFileType = text; path = improved_euler_method_y_2d.txt; sourceTree = "<group>"; };
		69632F25259A8FA000BB4860 /* README.md */ = {isa = PBXFileReference; fileEncoding = 4; lastKnownFileType = net.daringfireball.markdown; path = README.md; sourceTree = "<group>"; };
		69632F26259BBCC300BB4860 /* Makefile */ = {isa = PBXFileReference; fileEncoding = 4; lastKnownFileType = sourcecode.make; path = Makefile; sourceTree = "<group>"; };
		69632F2E259BC33F00BB4860 /* problem1b */ = {isa = PBXFileReference; lastKnownFileType = "compiled.mach-o.executable"; path = problem1b; sourceTree = "<group>"; };
		69632F2F259BC33F00BB4860 /* problem1d */ = {isa = PBXFileReference; lastKnownFileType = "compiled.mach-o.executable"; path = problem1d; sourceTree = "<group>"; };
		699070E02595F85D00102EDB /* Problem-1b */ = {isa = PBXFileReference; explicitFileType = "compiled.mach-o.executable"; includeInIndex = 0; path = "Problem-1b"; sourceTree = BUILT_PRODUCTS_DIR; };
		699070E32595F85D00102EDB /* problem1b.c */ = {isa = PBXFileReference; lastKnownFileType = sourcecode.c.c; path = problem1b.c; sourceTree = "<group>"; };
/* End PBXFileReference section */

/* Begin PBXFrameworksBuildPhase section */
		6942286C2599323800493CD5 /* Frameworks */ = {
			isa = PBXFrameworksBuildPhase;
			buildActionMask = 2147483647;
			files = (
			);
			runOnlyForDeploymentPostprocessing = 0;
		};
		699070DD2595F85D00102EDB /* Frameworks */ = {
			isa = PBXFrameworksBuildPhase;
			buildActionMask = 2147483647;
			files = (
			);
			runOnlyForDeploymentPostprocessing = 0;
		};
/* End PBXFrameworksBuildPhase section */

/* Begin PBXGroup section */
		691B2A2E25A201980069BD29 /* Problem-2d */ = {
			isa = PBXGroup;
			children = (
				691B2A2F25A201DD0069BD29 /* problem2d.c */,
			);
			path = "Problem-2d";
			sourceTree = "<group>";
		};
		6923217925AB8467005E3F9F /* utils */ = {
			isa = PBXGroup;
			children = (
				6923217A25AB84BD005E3F9F /* utils.h */,
				6923217B25AB84BD005E3F9F /* utils.c */,
			);
			path = utils;
			sourceTree = "<group>";
		};
		694228702599323800493CD5 /* Problem-1d */ = {
			isa = PBXGroup;
			children = (
				694228712599323800493CD5 /* problem1d.c */,
			);
			path = "Problem-1d";
			sourceTree = "<group>";
		};
		69632F2D259BC30200BB4860 /* bin */ = {
			isa = PBXGroup;
			children = (
				69632F2E259BC33F00BB4860 /* problem1b */,
				69632F2F259BC33F00BB4860 /* problem1d */,
			);
			path = bin;
			sourceTree = "<group>";
		};
		699070D72595F85D00102EDB = {
			isa = PBXGroup;
			children = (
				6923217925AB8467005E3F9F /* utils */,
				691B2A2E25A201980069BD29 /* Problem-2d */,
				69632F2D259BC30200BB4860 /* bin */,
				69632F26259BBCC300BB4860 /* Makefile */,
				69632F25259A8FA000BB4860 /* README.md */,
				699070F32595FA8E00102EDB /* plots */,
				699070E22595F85D00102EDB /* Problem-1b */,
				694228702599323800493CD5 /* Problem-1d */,
				699070E12595F85D00102EDB /* Products */,
			);
			sourceTree = "<group>";
		};
		699070E12595F85D00102EDB /* Products */ = {
			isa = PBXGroup;
			children = (
				699070E02595F85D00102EDB /* Problem-1b */,
				6942286F2599323800493CD5 /* Problem-1d */,
			);
			name = Products;
			sourceTree = "<group>";
		};
		699070E22595F85D00102EDB /* Problem-1b */ = {
			isa = PBXGroup;
			children = (
				699070E32595F85D00102EDB /* problem1b.c */,
			);
			path = "Problem-1b";
			sourceTree = "<group>";
		};
		699070F32595FA8E00102EDB /* plots */ = {
			isa = PBXGroup;
			children = (
				6960E30125A524CA00150D6B /* differential.txt */,
				6960E30225A524CA00150D6B /* errors_BE.txt */,
				6960E30C25A524CA00150D6B /* errors_E.txt */,
				6960E30F25A524CA00150D6B /* euler_method_Psi_input1.txt */,
				6960E30725A524CA00150D6B /* euler_method_Psi_input2.txt */,
				6960E30825A524CA00150D6B /* euler_method_Psi.txt */,
				6960E30025A524CA00150D6B /* euler_method_y_2d.txt */,
				6960E30E25A524CA00150D6B /* euler_method_z_2d.txt */,
				6960E30525A524CA00150D6B /* euler_method_z_input1.txt */,
				6960E30325A524CA00150D6B /* euler_method_z_input2.txt */,
				6960E30625A524CA00150D6B /* euler_method_z.txt */,
				6960E31125A524CA00150D6B /* improved_euler_method_Psi_input1.txt */,
				6960E31025A524CA00150D6B /* improved_euler_method_Psi_input2.txt */,
				6960E31225A524CA00150D6B /* improved_euler_method_Psi.txt */,
				6960E31325A524CA00150D6B /* improved_euler_method_y_2d.txt */,
				6960E30D25A524CA00150D6B /* improved_euler_method_z_2d.txt */,
				6960E2FF25A524CA00150D6B /* improved_euler_method_z_input1.txt */,
				6960E30925A524CA00150D6B /* improved_euler_method_z_input2.txt */,
				6960E30A25A524CA00150D6B /* improved_euler_method_z.txt */,
			);
			path = plots;
			sourceTree = "<group>";
		};
/* End PBXGroup section */

/* Begin PBXNativeTarget section */
		6942286E2599323800493CD5 /* Problem-1d */ = {
			isa = PBXNativeTarget;
			buildConfigurationList = 694228732599323800493CD5 /* Build configuration list for PBXNativeTarget "Problem-1d" */;
			buildPhases = (
				6942286B2599323800493CD5 /* Sources */,
				6942286C2599323800493CD5 /* Frameworks */,
				6942286D2599323800493CD5 /* CopyFiles */,
			);
			buildRules = (
			);
			dependencies = (
			);
			name = "Problem-1d";
			productName = "Problem-1d";
			productReference = 6942286F2599323800493CD5 /* Problem-1d */;
			productType = "com.apple.product-type.tool";
		};
		699070DF2595F85D00102EDB /* Problem-1b */ = {
			isa = PBXNativeTarget;
			buildConfigurationList = 699070E72595F85D00102EDB /* Build configuration list for PBXNativeTarget "Problem-1b" */;
			buildPhases = (
				699070DC2595F85D00102EDB /* Sources */,
				699070DD2595F85D00102EDB /* Frameworks */,
				699070DE2595F85D00102EDB /* CopyFiles */,
			);
			buildRules = (
			);
			dependencies = (
			);
			name = "Problem-1b";
			productName = "Computational Mathematics Project";
			productReference = 699070E02595F85D00102EDB /* Problem-1b */;
			productType = "com.apple.product-type.tool";
		};
/* End PBXNativeTarget section */

/* Begin PBXProject section */
		699070D82595F85D00102EDB /* Project object */ = {
			isa = PBXProject;
			attributes = {
				LastUpgradeCheck = 1230;
				TargetAttributes = {
					6942286E2599323800493CD5 = {
						CreatedOnToolsVersion = 12.3;
					};
					699070DF2595F85D00102EDB = {
						CreatedOnToolsVersion = 12.3;
					};
				};
			};
			buildConfigurationList = 699070DB2595F85D00102EDB /* Build configuration list for PBXProject "Computational Mathematics Project" */;
			compatibilityVersion = "Xcode 9.3";
			developmentRegion = en;
			hasScannedForEncodings = 0;
			knownRegions = (
				en,
				Base,
			);
			mainGroup = 699070D72595F85D00102EDB;
			productRefGroup = 699070E12595F85D00102EDB /* Products */;
			projectDirPath = "";
			projectRoot = "";
			targets = (
				699070DF2595F85D00102EDB /* Problem-1b */,
				6942286E2599323800493CD5 /* Problem-1d */,
			);
		};
/* End PBXProject section */

/* Begin PBXSourcesBuildPhase section */
		6942286B2599323800493CD5 /* Sources */ = {
			isa = PBXSourcesBuildPhase;
			buildActionMask = 2147483647;
			files = (
				6923217D25AB84BD005E3F9F /* utils.c in Sources */,
				6942287C2599355000493CD5 /* problem1b.c in Sources */,
				694228722599323800493CD5 /* problem1d.c in Sources */,
			);
			runOnlyForDeploymentPostprocessing = 0;
		};
		699070DC2595F85D00102EDB /* Sources */ = {
			isa = PBXSourcesBuildPhase;
			buildActionMask = 2147483647;
			files = (
				69632F27259BBCC300BB4860 /* Makefile in Sources */,
				6923217C25AB84BD005E3F9F /* utils.c in Sources */,
				699070E42595F85D00102EDB /* problem1b.c in Sources */,
				691B2A3025A201DD0069BD29 /* problem2d.c in Sources */,
			);
			runOnlyForDeploymentPostprocessing = 0;
		};
/* End PBXSourcesBuildPhase section */

/* Begin XCBuildConfiguration section */
		694228742599323800493CD5 /* Debug */ = {
			isa = XCBuildConfiguration;
			buildSettings = {
				CODE_SIGN_STYLE = Automatic;
				PRODUCT_NAME = "$(TARGET_NAME)";
			};
			name = Debug;
		};
		694228752599323800493CD5 /* Release */ = {
			isa = XCBuildConfiguration;
			buildSettings = {
				CODE_SIGN_STYLE = Automatic;
				PRODUCT_NAME = "$(TARGET_NAME)";
			};
			name = Release;
		};
		699070E52595F85D00102EDB /* Debug */ = {
			isa = XCBuildConfiguration;
			buildSettings = {
				ALWAYS_SEARCH_USER_PATHS = NO;
				CLANG_ANALYZER_NONNULL = YES;
				CLANG_ANALYZER_NUMBER_OBJECT_CONVERSION = YES_AGGRESSIVE;
				CLANG_CXX_LANGUAGE_STANDARD = "gnu++14";
				CLANG_CXX_LIBRARY = "libc++";
				CLANG_ENABLE_MODULES = YES;
				CLANG_ENABLE_OBJC_ARC = YES;
				CLANG_ENABLE_OBJC_WEAK = YES;
				CLANG_WARN_BLOCK_CAPTURE_AUTORELEASING = YES;
				CLANG_WARN_BOOL_CONVERSION = YES;
				CLANG_WARN_COMMA = YES;
				CLANG_WARN_CONSTANT_CONVERSION = YES;
				CLANG_WARN_DEPRECATED_OBJC_IMPLEMENTATIONS = YES;
				CLANG_WARN_DIRECT_OBJC_ISA_USAGE = YES_ERROR;
				CLANG_WARN_DOCUMENTATION_COMMENTS = YES;
				CLANG_WARN_EMPTY_BODY = YES;
				CLANG_WARN_ENUM_CONVERSION = YES;
				CLANG_WARN_INFINITE_RECURSION = YES;
				CLANG_WARN_INT_CONVERSION = YES;
				CLANG_WARN_NON_LITERAL_NULL_CONVERSION = YES;
				CLANG_WARN_OBJC_IMPLICIT_RETAIN_SELF = YES;
				CLANG_WARN_OBJC_LITERAL_CONVERSION = YES;
				CLANG_WARN_OBJC_ROOT_CLASS = YES_ERROR;
				CLANG_WARN_QUOTED_INCLUDE_IN_FRAMEWORK_HEADER = YES;
				CLANG_WARN_RANGE_LOOP_ANALYSIS = YES;
				CLANG_WARN_STRICT_PROTOTYPES = YES;
				CLANG_WARN_SUSPICIOUS_MOVE = YES;
				CLANG_WARN_UNGUARDED_AVAILABILITY = YES_AGGRESSIVE;
				CLANG_WARN_UNREACHABLE_CODE = YES;
				CLANG_WARN__DUPLICATE_METHOD_MATCH = YES;
				COPY_PHASE_STRIP = NO;
				DEBUG_INFORMATION_FORMAT = dwarf;
				ENABLE_STRICT_OBJC_MSGSEND = YES;
				ENABLE_TESTABILITY = YES;
				GCC_C_LANGUAGE_STANDARD = gnu11;
				GCC_DYNAMIC_NO_PIC = NO;
				GCC_NO_COMMON_BLOCKS = YES;
				GCC_OPTIMIZATION_LEVEL = 0;
				GCC_PREPROCESSOR_DEFINITIONS = (
					"DEBUG=1",
					"$(inherited)",
				);
				GCC_WARN_64_TO_32_BIT_CONVERSION = YES;
				GCC_WARN_ABOUT_RETURN_TYPE = YES_ERROR;
				GCC_WARN_UNDECLARED_SELECTOR = YES;
				GCC_WARN_UNINITIALIZED_AUTOS = YES_AGGRESSIVE;
				GCC_WARN_UNUSED_FUNCTION = YES;
				GCC_WARN_UNUSED_VARIABLE = YES;
				MACOSX_DEPLOYMENT_TARGET = 10.15;
				MTL_ENABLE_DEBUG_INFO = INCLUDE_SOURCE;
				MTL_FAST_MATH = YES;
				ONLY_ACTIVE_ARCH = YES;
				SDKROOT = macosx;
			};
			name = Debug;
		};
		699070E62595F85D00102EDB /* Release */ = {
			isa = XCBuildConfiguration;
			buildSettings = {
				ALWAYS_SEARCH_USER_PATHS = NO;
				CLANG_ANALYZER_NONNULL = YES;
				CLANG_ANALYZER_NUMBER_OBJECT_CONVERSION = YES_AGGRESSIVE;
				CLANG_CXX_LANGUAGE_STANDARD = "gnu++14";
				CLANG_CXX_LIBRARY = "libc++";
				CLANG_ENABLE_MODULES = YES;
				CLANG_ENABLE_OBJC_ARC = YES;
				CLANG_ENABLE_OBJC_WEAK = YES;
				CLANG_WARN_BLOCK_CAPTURE_AUTORELEASING = YES;
				CLANG_WARN_BOOL_CONVERSION = YES;
				CLANG_WARN_COMMA = YES;
				CLANG_WARN_CONSTANT_CONVERSION = YES;
				CLANG_WARN_DEPRECATED_OBJC_IMPLEMENTATIONS = YES;
				CLANG_WARN_DIRECT_OBJC_ISA_USAGE = YES_ERROR;
				CLANG_WARN_DOCUMENTATION_COMMENTS = YES;
				CLANG_WARN_EMPTY_BODY = YES;
				CLANG_WARN_ENUM_CONVERSION = YES;
				CLANG_WARN_INFINITE_RECURSION = YES;
				CLANG_WARN_INT_CONVERSION = YES;
				CLANG_WARN_NON_LITERAL_NULL_CONVERSION = YES;
				CLANG_WARN_OBJC_IMPLICIT_RETAIN_SELF = YES;
				CLANG_WARN_OBJC_LITERAL_CONVERSION = YES;
				CLANG_WARN_OBJC_ROOT_CLASS = YES_ERROR;
				CLANG_WARN_QUOTED_INCLUDE_IN_FRAMEWORK_HEADER = YES;
				CLANG_WARN_RANGE_LOOP_ANALYSIS = YES;
				CLANG_WARN_STRICT_PROTOTYPES = YES;
				CLANG_WARN_SUSPICIOUS_MOVE = YES;
				CLANG_WARN_UNGUARDED_AVAILABILITY = YES_AGGRESSIVE;
				CLANG_WARN_UNREACHABLE_CODE = YES;
				CLANG_WARN__DUPLICATE_METHOD_MATCH = YES;
				COPY_PHASE_STRIP = NO;
				DEBUG_INFORMATION_FORMAT = "dwarf-with-dsym";
				ENABLE_NS_ASSERTIONS = NO;
				ENABLE_STRICT_OBJC_MSGSEND = YES;
				GCC_C_LANGUAGE_STANDARD = gnu11;
				GCC_NO_COMMON_BLOCKS = YES;
				GCC_WARN_64_TO_32_BIT_CONVERSION = YES;
				GCC_WARN_ABOUT_RETURN_TYPE = YES_ERROR;
				GCC_WARN_UNDECLARED_SELECTOR = YES;
				GCC_WARN_UNINITIALIZED_AUTOS = YES_AGGRESSIVE;
				GCC_WARN_UNUSED_FUNCTION = YES;
				GCC_WARN_UNUSED_VARIABLE = YES;
				MACOSX_DEPLOYMENT_TARGET = 10.15;
				MTL_ENABLE_DEBUG_INFO = NO;
				MTL_FAST_MATH = YES;
				SDKROOT = macosx;
			};
			name = Release;
		};
		699070E82595F85D00102EDB /* Debug */ = {
			isa = XCBuildConfiguration;
			buildSettings = {
				CODE_SIGN_STYLE = Automatic;
				PRODUCT_NAME = "$(TARGET_NAME)";
			};
			name = Debug;
		};
		699070E92595F85D00102EDB /* Release */ = {
			isa = XCBuildConfiguration;
			buildSettings = {
				CODE_SIGN_STYLE = Automatic;
				PRODUCT_NAME = "$(TARGET_NAME)";
			};
			name = Release;
		};
/* End XCBuildConfiguration section */

/* Begin XCConfigurationList section */
		694228732599323800493CD5 /* Build configuration list for PBXNativeTarget "Problem-1d" */ = {
			isa = XCConfigurationList;
			buildConfigurations = (
				694228742599323800493CD5 /* Debug */,
				694228752599323800493CD5 /* Release */,
			);
			defaultConfigurationIsVisible = 0;
			defaultConfigurationName = Release;
		};
		699070DB2595F85D00102EDB /* Build configuration list for PBXProject "Computational Mathematics Project" */ = {
			isa = XCConfigurationList;
			buildConfigurations = (
				699070E52595F85D00102EDB /* Debug */,
				699070E62595F85D00102EDB /* Release */,
			);
			defaultConfigurationIsVisible = 0;
			defaultConfigurationName = Release;
		};
		699070E72595F85D00102EDB /* Build configuration list for PBXNativeTarget "Problem-1b" */ = {
			isa = XCConfigurationList;
			buildConfigurations = (
				699070E82595F85D00102EDB /* Debug */,
				699070E92595F85D00102EDB /* Release */,
			);
			defaultConfigurationIsVisible = 0;
			defaultConfigurationName = Release;
		};
/* End XCConfigurationList section */
	};
	rootObject = 699070D82595F85D00102EDB /* Project object */;
}
