// !$*UTF8*$!
{
	archiveVersion = 1;
	classes = {
	};
	objectVersion = 50;
	objects = {

/* Begin PBXBuildFile section */
		699070E42595F85D00102EDB /* problem1.c in Sources */ = {isa = PBXBuildFile; fileRef = 699070E32595F85D00102EDB /* problem1.c */; };
		699070F02595F87A00102EDB /* pbPlots.c in Sources */ = {isa = PBXBuildFile; fileRef = 699070ED2595F87A00102EDB /* pbPlots.c */; };
		699070F12595F87A00102EDB /* supportLib.c in Sources */ = {isa = PBXBuildFile; fileRef = 699070EE2595F87A00102EDB /* supportLib.c */; };
/* End PBXBuildFile section */

/* Begin PBXCopyFilesBuildPhase section */
		699070DE2595F85D00102EDB /* CopyFiles */ = {
			isa = PBXCopyFilesBuildPhase;
			buildActionMask = 2147483647;
			dstPath = /usr/share/man/man1/;
			dstSubfolderSpec = 0;
			files = (
			);
			runOnlyForDeploymentPostprocessing = 1;
		};
/* End PBXCopyFilesBuildPhase section */

/* Begin PBXFileReference section */
		699070E02595F85D00102EDB /* Computational Mathematics Project */ = {isa = PBXFileReference; explicitFileType = "compiled.mach-o.executable"; includeInIndex = 0; path = "Computational Mathematics Project"; sourceTree = BUILT_PRODUCTS_DIR; };
		699070E32595F85D00102EDB /* problem1.c */ = {isa = PBXFileReference; lastKnownFileType = sourcecode.c.c; path = problem1.c; sourceTree = "<group>"; };
		699070EC2595F87A00102EDB /* supportLib.h */ = {isa = PBXFileReference; fileEncoding = 4; lastKnownFileType = sourcecode.c.h; path = supportLib.h; sourceTree = "<group>"; };
		699070ED2595F87A00102EDB /* pbPlots.c */ = {isa = PBXFileReference; fileEncoding = 4; lastKnownFileType = sourcecode.c.c; path = pbPlots.c; sourceTree = "<group>"; };
		699070EE2595F87A00102EDB /* supportLib.c */ = {isa = PBXFileReference; fileEncoding = 4; lastKnownFileType = sourcecode.c.c; path = supportLib.c; sourceTree = "<group>"; };
		699070EF2595F87A00102EDB /* pbPlots.h */ = {isa = PBXFileReference; fileEncoding = 4; lastKnownFileType = sourcecode.c.h; path = pbPlots.h; sourceTree = "<group>"; };
		699070F52595FAF800102EDB /* plot.png */ = {isa = PBXFileReference; lastKnownFileType = image.png; path = plot.png; sourceTree = "<group>"; };
/* End PBXFileReference section */

/* Begin PBXFrameworksBuildPhase section */
		699070DD2595F85D00102EDB /* Frameworks */ = {
			isa = PBXFrameworksBuildPhase;
			buildActionMask = 2147483647;
			files = (
			);
			runOnlyForDeploymentPostprocessing = 0;
		};
/* End PBXFrameworksBuildPhase section */

/* Begin PBXGroup section */
		699070D72595F85D00102EDB = {
			isa = PBXGroup;
			children = (
				699070F32595FA8E00102EDB /* plots */,
				699070EB2595F86300102EDB /* include */,
				699070E22595F85D00102EDB /* Computational Mathematics Project */,
				699070E12595F85D00102EDB /* Products */,
			);
			sourceTree = "<group>";
		};
		699070E12595F85D00102EDB /* Products */ = {
			isa = PBXGroup;
			children = (
				699070E02595F85D00102EDB /* Computational Mathematics Project */,
			);
			name = Products;
			sourceTree = "<group>";
		};
		699070E22595F85D00102EDB /* Computational Mathematics Project */ = {
			isa = PBXGroup;
			children = (
				699070E32595F85D00102EDB /* problem1.c */,
			);
			path = "Computational Mathematics Project";
			sourceTree = "<group>";
		};
		699070EB2595F86300102EDB /* include */ = {
			isa = PBXGroup;
			children = (
				699070ED2595F87A00102EDB /* pbPlots.c */,
				699070EF2595F87A00102EDB /* pbPlots.h */,
				699070EE2595F87A00102EDB /* supportLib.c */,
				699070EC2595F87A00102EDB /* supportLib.h */,
			);
			path = include;
			sourceTree = "<group>";
		};
		699070F32595FA8E00102EDB /* plots */ = {
			isa = PBXGroup;
			children = (
				699070F52595FAF800102EDB /* plot.png */,
			);
			path = plots;
			sourceTree = "<group>";
		};
/* End PBXGroup section */

/* Begin PBXNativeTarget section */
		699070DF2595F85D00102EDB /* Computational Mathematics Project */ = {
			isa = PBXNativeTarget;
			buildConfigurationList = 699070E72595F85D00102EDB /* Build configuration list for PBXNativeTarget "Computational Mathematics Project" */;
			buildPhases = (
				699070DC2595F85D00102EDB /* Sources */,
				699070DD2595F85D00102EDB /* Frameworks */,
				699070DE2595F85D00102EDB /* CopyFiles */,
			);
			buildRules = (
			);
			dependencies = (
			);
			name = "Computational Mathematics Project";
			productName = "Computational Mathematics Project";
			productReference = 699070E02595F85D00102EDB /* Computational Mathematics Project */;
			productType = "com.apple.product-type.tool";
		};
/* End PBXNativeTarget section */

/* Begin PBXProject section */
		699070D82595F85D00102EDB /* Project object */ = {
			isa = PBXProject;
			attributes = {
				LastUpgradeCheck = 1230;
				TargetAttributes = {
					699070DF2595F85D00102EDB = {
						CreatedOnToolsVersion = 12.3;
					};
				};
			};
			buildConfigurationList = 699070DB2595F85D00102EDB /* Build configuration list for PBXProject "Computational Mathematics Project" */;
			compatibilityVersion = "Xcode 9.3";
			developmentRegion = en;
			hasScannedForEncodings = 0;
			knownRegions = (
				en,
				Base,
			);
			mainGroup = 699070D72595F85D00102EDB;
			productRefGroup = 699070E12595F85D00102EDB /* Products */;
			projectDirPath = "";
			projectRoot = "";
			targets = (
				699070DF2595F85D00102EDB /* Computational Mathematics Project */,
			);
		};
/* End PBXProject section */

/* Begin PBXSourcesBuildPhase section */
		699070DC2595F85D00102EDB /* Sources */ = {
			isa = PBXSourcesBuildPhase;
			buildActionMask = 2147483647;
			files = (
				699070F02595F87A00102EDB /* pbPlots.c in Sources */,
				699070E42595F85D00102EDB /* problem1.c in Sources */,
				699070F12595F87A00102EDB /* supportLib.c in Sources */,
			);
			runOnlyForDeploymentPostprocessing = 0;
		};
/* End PBXSourcesBuildPhase section */

/* Begin XCBuildConfiguration section */
		699070E52595F85D00102EDB /* Debug */ = {
			isa = XCBuildConfiguration;
			buildSettings = {
				ALWAYS_SEARCH_USER_PATHS = NO;
				CLANG_ANALYZER_NONNULL = YES;
				CLANG_ANALYZER_NUMBER_OBJECT_CONVERSION = YES_AGGRESSIVE;
				CLANG_CXX_LANGUAGE_STANDARD = "gnu++14";
				CLANG_CXX_LIBRARY = "libc++";
				CLANG_ENABLE_MODULES = YES;
				CLANG_ENABLE_OBJC_ARC = YES;
				CLANG_ENABLE_OBJC_WEAK = YES;
				CLANG_WARN_BLOCK_CAPTURE_AUTORELEASING = YES;
				CLANG_WARN_BOOL_CONVERSION = YES;
				CLANG_WARN_COMMA = YES;
				CLANG_WARN_CONSTANT_CONVERSION = YES;
				CLANG_WARN_DEPRECATED_OBJC_IMPLEMENTATIONS = YES;
				CLANG_WARN_DIRECT_OBJC_ISA_USAGE = YES_ERROR;
				CLANG_WARN_DOCUMENTATION_COMMENTS = YES;
				CLANG_WARN_EMPTY_BODY = YES;
				CLANG_WARN_ENUM_CONVERSION = YES;
				CLANG_WARN_INFINITE_RECURSION = YES;
				CLANG_WARN_INT_CONVERSION = YES;
				CLANG_WARN_NON_LITERAL_NULL_CONVERSION = YES;
				CLANG_WARN_OBJC_IMPLICIT_RETAIN_SELF = YES;
				CLANG_WARN_OBJC_LITERAL_CONVERSION = YES;
				CLANG_WARN_OBJC_ROOT_CLASS = YES_ERROR;
				CLANG_WARN_QUOTED_INCLUDE_IN_FRAMEWORK_HEADER = YES;
				CLANG_WARN_RANGE_LOOP_ANALYSIS = YES;
				CLANG_WARN_STRICT_PROTOTYPES = YES;
				CLANG_WARN_SUSPICIOUS_MOVE = YES;
				CLANG_WARN_UNGUARDED_AVAILABILITY = YES_AGGRESSIVE;
				CLANG_WARN_UNREACHABLE_CODE = YES;
				CLANG_WARN__DUPLICATE_METHOD_MATCH = YES;
				COPY_PHASE_STRIP = NO;
				DEBUG_INFORMATION_FORMAT = dwarf;
				ENABLE_STRICT_OBJC_MSGSEND = YES;
				ENABLE_TESTABILITY = YES;
				GCC_C_LANGUAGE_STANDARD = gnu11;
				GCC_DYNAMIC_NO_PIC = NO;
				GCC_NO_COMMON_BLOCKS = YES;
				GCC_OPTIMIZATION_LEVEL = 0;
				GCC_PREPROCESSOR_DEFINITIONS = (
					"DEBUG=1",
					"$(inherited)",
				);
				GCC_WARN_64_TO_32_BIT_CONVERSION = YES;
				GCC_WARN_ABOUT_RETURN_TYPE = YES_ERROR;
				GCC_WARN_UNDECLARED_SELECTOR = YES;
				GCC_WARN_UNINITIALIZED_AUTOS = YES_AGGRESSIVE;
				GCC_WARN_UNUSED_FUNCTION = YES;
				GCC_WARN_UNUSED_VARIABLE = YES;
				MACOSX_DEPLOYMENT_TARGET = 10.15;
				MTL_ENABLE_DEBUG_INFO = INCLUDE_SOURCE;
				MTL_FAST_MATH = YES;
				ONLY_ACTIVE_ARCH = YES;
				SDKROOT = macosx;
			};
			name = Debug;
		};
		699070E62595F85D00102EDB /* Release */ = {
			isa = XCBuildConfiguration;
			buildSettings = {
				ALWAYS_SEARCH_USER_PATHS = NO;
				CLANG_ANALYZER_NONNULL = YES;
				CLANG_ANALYZER_NUMBER_OBJECT_CONVERSION = YES_AGGRESSIVE;
				CLANG_CXX_LANGUAGE_STANDARD = "gnu++14";
				CLANG_CXX_LIBRARY = "libc++";
				CLANG_ENABLE_MODULES = YES;
				CLANG_ENABLE_OBJC_ARC = YES;
				CLANG_ENABLE_OBJC_WEAK = YES;
				CLANG_WARN_BLOCK_CAPTURE_AUTORELEASING = YES;
				CLANG_WARN_BOOL_CONVERSION = YES;
				CLANG_WARN_COMMA = YES;
				CLANG_WARN_CONSTANT_CONVERSION = YES;
				CLANG_WARN_DEPRECATED_OBJC_IMPLEMENTATIONS = YES;
				CLANG_WARN_DIRECT_OBJC_ISA_USAGE = YES_ERROR;
				CLANG_WARN_DOCUMENTATION_COMMENTS = YES;
				CLANG_WARN_EMPTY_BODY = YES;
				CLANG_WARN_ENUM_CONVERSION = YES;
				CLANG_WARN_INFINITE_RECURSION = YES;
				CLANG_WARN_INT_CONVERSION = YES;
				CLANG_WARN_NON_LITERAL_NULL_CONVERSION = YES;
				CLANG_WARN_OBJC_IMPLICIT_RETAIN_SELF = YES;
				CLANG_WARN_OBJC_LITERAL_CONVERSION = YES;
				CLANG_WARN_OBJC_ROOT_CLASS = YES_ERROR;
				CLANG_WARN_QUOTED_INCLUDE_IN_FRAMEWORK_HEADER = YES;
				CLANG_WARN_RANGE_LOOP_ANALYSIS = YES;
				CLANG_WARN_STRICT_PROTOTYPES = YES;
				CLANG_WARN_SUSPICIOUS_MOVE = YES;
				CLANG_WARN_UNGUARDED_AVAILABILITY = YES_AGGRESSIVE;
				CLANG_WARN_UNREACHABLE_CODE = YES;
				CLANG_WARN__DUPLICATE_METHOD_MATCH = YES;
				COPY_PHASE_STRIP = NO;
				DEBUG_INFORMATION_FORMAT = "dwarf-with-dsym";
				ENABLE_NS_ASSERTIONS = NO;
				ENABLE_STRICT_OBJC_MSGSEND = YES;
				GCC_C_LANGUAGE_STANDARD = gnu11;
				GCC_NO_COMMON_BLOCKS = YES;
				GCC_WARN_64_TO_32_BIT_CONVERSION = YES;
				GCC_WARN_ABOUT_RETURN_TYPE = YES_ERROR;
				GCC_WARN_UNDECLARED_SELECTOR = YES;
				GCC_WARN_UNINITIALIZED_AUTOS = YES_AGGRESSIVE;
				GCC_WARN_UNUSED_FUNCTION = YES;
				GCC_WARN_UNUSED_VARIABLE = YES;
				MACOSX_DEPLOYMENT_TARGET = 10.15;
				MTL_ENABLE_DEBUG_INFO = NO;
				MTL_FAST_MATH = YES;
				SDKROOT = macosx;
			};
			name = Release;
		};
		699070E82595F85D00102EDB /* Debug */ = {
			isa = XCBuildConfiguration;
			buildSettings = {
				CODE_SIGN_STYLE = Automatic;
				PRODUCT_NAME = "$(TARGET_NAME)";
			};
			name = Debug;
		};
		699070E92595F85D00102EDB /* Release */ = {
			isa = XCBuildConfiguration;
			buildSettings = {
				CODE_SIGN_STYLE = Automatic;
				PRODUCT_NAME = "$(TARGET_NAME)";
			};
			name = Release;
		};
/* End XCBuildConfiguration section */

/* Begin XCConfigurationList section */
		699070DB2595F85D00102EDB /* Build configuration list for PBXProject "Computational Mathematics Project" */ = {
			isa = XCConfigurationList;
			buildConfigurations = (
				699070E52595F85D00102EDB /* Debug */,
				699070E62595F85D00102EDB /* Release */,
			);
			defaultConfigurationIsVisible = 0;
			defaultConfigurationName = Release;
		};
		699070E72595F85D00102EDB /* Build configuration list for PBXNativeTarget "Computational Mathematics Project" */ = {
			isa = XCConfigurationList;
			buildConfigurations = (
				699070E82595F85D00102EDB /* Debug */,
				699070E92595F85D00102EDB /* Release */,
			);
			defaultConfigurationIsVisible = 0;
			defaultConfigurationName = Release;
		};
/* End XCConfigurationList section */
	};
	rootObject = 699070D82595F85D00102EDB /* Project object */;
}
